# This file is automatically @generated by Cargo.
# It is not intended for manual editing.
version = 3

[[package]]
name = "log"
version = "0.4.22"
source = "registry+https://github.com/rust-lang/crates.io-index"
checksum = "a7a70ba024b9dc04c27ea2f0c0548feb474ec5c54bba33a7f72f873a39d07b24"

[[package]]
name = "polkavm-assembler"
version = "0.12.0"
dependencies = [
 "log",
]

[[package]]
name = "polkavm-common"
version = "0.12.0"
dependencies = [
 "polkavm-assembler",
]

[[package]]
name = "polkavm-linux-raw"
version = "0.12.0"

[[package]]
name = "polkavm-zygote"
version = "0.1.0"
dependencies = [
 "polkavm-common",
 "polkavm-linux-raw",
]
