# This file is automatically @generated by Cargo.
# It is not intended for manual editing.
version = 3

[[package]]
name = "polkavm-common"
version = "0.3.0"

[[package]]
name = "polkavm-linux-raw"
version = "0.3.0"

[[package]]
name = "polkavm-zygote"
version = "0.1.0"
dependencies = [
 "polkavm-common",
 "polkavm-linux-raw",
]
